
Microsoft Visual Studio Solution File, Format Version 12.00
# Visual Studio Version 16
VisualStudioVersion = 16.0.29905.134
MinimumVisualStudioVersion = 10.0.40219.1
Project("{FAE04EC0-301F-11D3-BF4B-00C04F79EFBC}") = "WebServiceForTask5", "WebServiceForTask5\WebServiceForTask5.csproj", "{87763C9F-DA8C-4FB4-9486-32B431496349}"
EndProject
Global
	GlobalSection(SolutionConfigurationPlatforms) = preSolution
		Debug|Any CPU = Debug|Any CPU
		Release|Any CPU = Release|Any CPU
	EndGlobalSection
	GlobalSection(ProjectConfigurationPlatforms) = postSolution
		{87763C9F-DA8C-4FB4-9486-32B431496349}.Debug|Any CPU.ActiveCfg = Debug|Any CPU
		{87763C9F-DA8C-4FB4-9486-32B431496349}.Debug|Any CPU.Build.0 = Debug|Any CPU
		{87763C9F-DA8C-4FB4-9486-32B431496349}.Release|Any CPU.ActiveCfg = Release|Any CPU
		{87763C9F-DA8C-4FB4-9486-32B431496349}.Release|Any CPU.Build.0 = Release|Any CPU
	EndGlobalSection
	GlobalSection(SolutionProperties) = preSolution
		HideSolutionNode = FALSE
	EndGlobalSection
	GlobalSection(ExtensibilityGlobals) = postSolution
		SolutionGuid = {2FDAC090-F7C3-4027-A758-7C3BF7EC83CA}
	EndGlobalSection
EndGlobal
